// !$*UTF8*$!
{
	archiveVersion = 1;
	classes = {
	};
	objectVersion = 77;
	objects = {

/* Begin PBXContainerItemProxy section */
		4DA9E2782E18E67F001F106D /* PBXContainerItemProxy */ = {
			isa = PBXContainerItemProxy;
			containerPortal = 4DA9E25D2E18E67E001F106D /* Project object */;
			proxyType = 1;
			remoteGlobalIDString = 4DA9E2642E18E67E001F106D;
			remoteInfo = "Doctor Schedule Calendar";
		};
		4DA9E2822E18E67F001F106D /* PBXContainerItemProxy */ = {
			isa = PBXContainerItemProxy;
			containerPortal = 4DA9E25D2E18E67E001F106D /* Project object */;
			proxyType = 1;
			remoteGlobalIDString = 4DA9E2642E18E67E001F106D;
			remoteInfo = "Doctor Schedule Calendar";
		};
/* End PBXContainerItemProxy section */

/* Begin PBXFileReference section */
		4DA9E2652E18E67E001F106D /* Doctor Schedule Calendar.app */ = {isa = PBXFileReference; explicitFileType = wrapper.application; includeInIndex = 0; path = "Doctor Schedule Calendar.app"; sourceTree = BUILT_PRODUCTS_DIR; };
		4DA9E2772E18E67F001F106D /* Doctor Schedule CalendarTests.xctest */ = {isa = PBXFileReference; explicitFileType = wrapper.cfbundle; includeInIndex = 0; path = "Doctor Schedule CalendarTests.xctest"; sourceTree = BUILT_PRODUCTS_DIR; };
		4DA9E2812E18E67F001F106D /* Doctor Schedule CalendarUITests.xctest */ = {isa = PBXFileReference; explicitFileType = wrapper.cfbundle; includeInIndex = 0; path = "Doctor Schedule CalendarUITests.xctest"; sourceTree = BUILT_PRODUCTS_DIR; };
/* End PBXFileReference section */

/* Begin PBXFileSystemSynchronizedRootGroup section */
		4DA9E2672E18E67E001F106D /* Doctor Schedule Calendar */ = {
			isa = PBXFileSystemSynchronizedRootGroup;
			path = "Doctor Schedule Calendar";
			sourceTree = "<group>";
		};
		4DA9E27A2E18E67F001F106D /* Doctor Schedule CalendarTests */ = {
			isa = PBXFileSystemSynchronizedRootGroup;
			path = "Doctor Schedule CalendarTests";
			sourceTree = "<group>";
		};
		4DA9E2842E18E67F001F106D /* Doctor Schedule CalendarUITests */ = {
			isa = PBXFileSystemSynchronizedRootGroup;
			path = "Doctor Schedule CalendarUITests";
			sourceTree = "<group>";
		};
/* End PBXFileSystemSynchronizedRootGroup section */

/* Begin PBXFrameworksBuildPhase section */
		4DA9E2622E18E67E001F106D /* Frameworks */ = {
			isa = PBXFrameworksBuildPhase;
			buildActionMask = 2147483647;
			files = (
			);
			runOnlyForDeploymentPostprocessing = 0;
		};
		4DA9E2742E18E67F001F106D /* Frameworks */ = {
			isa = PBXFrameworksBuildPhase;
			buildActionMask = 2147483647;
			files = (
			);
			runOnlyForDeploymentPostprocessing = 0;
		};
		4DA9E27E2E18E67F001F106D /* Frameworks */ = {
			isa = PBXFrameworksBuildPhase;
			buildActionMask = 2147483647;
			files = (
			);
			runOnlyForDeploymentPostprocessing = 0;
		};
/* End PBXFrameworksBuildPhase section */

/* Begin PBXGroup section */
		4DA9E25C2E18E67E001F106D = {
			isa = PBXGroup;
			children = (
				4DA9E2672E18E67E001F106D /* Doctor Schedule Calendar */,
				4DA9E27A2E18E67F001F106D /* Doctor Schedule CalendarTests */,
				4DA9E2842E18E67F001F106D /* Doctor Schedule CalendarUITests */,
				4DA9E2662E18E67E001F106D /* Products */,
			);
			sourceTree = "<group>";
		};
		4DA9E2662E18E67E001F106D /* Products */ = {
			isa = PBXGroup;
			children = (
				4DA9E2652E18E67E001F106D /* Doctor Schedule Calendar.app */,
				4DA9E2772E18E67F001F106D /* Doctor Schedule CalendarTests.xctest */,
				4DA9E2812E18E67F001F106D /* Doctor Schedule CalendarUITests.xctest */,
			);
			name = Products;
			sourceTree = "<group>";
		};
/* End PBXGroup section */

/* Begin PBXNativeTarget section */
		4DA9E2642E18E67E001F106D /* Doctor Schedule Calendar */ = {
			isa = PBXNativeTarget;
			buildConfigurationList = 4DA9E28B2E18E67F001F106D /* Build configuration list for PBXNativeTarget "Doctor Schedule Calendar" */;
			buildPhases = (
				4DA9E2612E18E67E001F106D /* Sources */,
				4DA9E2622E18E67E001F106D /* Frameworks */,
				4DA9E2632E18E67E001F106D /* Resources */,
			);
			buildRules = (
			);
			dependencies = (
			);
			fileSystemSynchronizedGroups = (
				4DA9E2672E18E67E001F106D /* Doctor Schedule Calendar */,
			);
			name = "Doctor Schedule Calendar";
			packageProductDependencies = (
			);
			productName = "Doctor Schedule Calendar";
			productReference = 4DA9E2652E18E67E001F106D /* Doctor Schedule Calendar.app */;
			productType = "com.apple.product-type.application";
		};
		4DA9E2762E18E67F001F106D /* Doctor Schedule CalendarTests */ = {
			isa = PBXNativeTarget;
			buildConfigurationList = 4DA9E28E2E18E67F001F106D /* Build configuration list for PBXNativeTarget "Doctor Schedule CalendarTests" */;
			buildPhases = (
				4DA9E2732E18E67F001F106D /* Sources */,
				4DA9E2742E18E67F001F106D /* Frameworks */,
				4DA9E2752E18E67F001F106D /* Resources */,
			);
			buildRules = (
			);
			dependencies = (
				4DA9E2792E18E67F001F106D /* PBXTargetDependency */,
			);
			fileSystemSynchronizedGroups = (
				4DA9E27A2E18E67F001F106D /* Doctor Schedule CalendarTests */,
			);
			name = "Doctor Schedule CalendarTests";
			packageProductDependencies = (
			);
			productName = "Doctor Schedule CalendarTests";
			productReference = 4DA9E2772E18E67F001F106D /* Doctor Schedule CalendarTests.xctest */;
			productType = "com.apple.product-type.bundle.unit-test";
		};
		4DA9E2802E18E67F001F106D /* Doctor Schedule CalendarUITests */ = {
			isa = PBXNativeTarget;
			buildConfigurationList = 4DA9E2912E18E67F001F106D /* Build configuration list for PBXNativeTarget "Doctor Schedule CalendarUITests" */;
			buildPhases = (
				4DA9E27D2E18E67F001F106D /* Sources */,
				4DA9E27E2E18E67F001F106D /* Frameworks */,
				4DA9E27F2E18E67F001F106D /* Resources */,
			);
			buildRules = (
			);
			dependencies = (
				4DA9E2832E18E67F001F106D /* PBXTargetDependency */,
			);
			fileSystemSynchronizedGroups = (
				4DA9E2842E18E67F001F106D /* Doctor Schedule CalendarUITests */,
			);
			name = "Doctor Schedule CalendarUITests";
			packageProductDependencies = (
			);
			productName = "Doctor Schedule CalendarUITests";
			productReference = 4DA9E2812E18E67F001F106D /* Doctor Schedule CalendarUITests.xctest */;
			productType = "com.apple.product-type.bundle.ui-testing";
		};
/* End PBXNativeTarget section */

/* Begin PBXProject section */
		4DA9E25D2E18E67E001F106D /* Project object */ = {
			isa = PBXProject;
			attributes = {
				BuildIndependentTargetsInParallel = 1;
				LastSwiftUpdateCheck = 1640;
				LastUpgradeCheck = 1640;
				TargetAttributes = {
					4DA9E2642E18E67E001F106D = {
						CreatedOnToolsVersion = 16.4;
					};
					4DA9E2762E18E67F001F106D = {
						CreatedOnToolsVersion = 16.4;
						TestTargetID = 4DA9E2642E18E67E001F106D;
					};
					4DA9E2802E18E67F001F106D = {
						CreatedOnToolsVersion = 16.4;
						TestTargetID = 4DA9E2642E18E67E001F106D;
					};
				};
			};
			buildConfigurationList = 4DA9E2602E18E67E001F106D /* Build configuration list for PBXProject "Doctor Schedule Calendar" */;
			developmentRegion = en;
			hasScannedForEncodings = 0;
			knownRegions = (
				en,
				Base,
			);
			mainGroup = 4DA9E25C2E18E67E001F106D;
			minimizedProjectReferenceProxies = 1;
			preferredProjectObjectVersion = 77;
			productRefGroup = 4DA9E2662E18E67E001F106D /* Products */;
			projectDirPath = "";
			projectRoot = "";
			targets = (
				4DA9E2642E18E67E001F106D /* Doctor Schedule Calendar */,
				4DA9E2762E18E67F001F106D /* Doctor Schedule CalendarTests */,
				4DA9E2802E18E67F001F106D /* Doctor Schedule CalendarUITests */,
			);
		};
/* End PBXProject section */

/* Begin PBXResourcesBuildPhase section */
		4DA9E2632E18E67E001F106D /* Resources */ = {
			isa = PBXResourcesBuildPhase;
			buildActionMask = 2147483647;
			files = (
			);
			runOnlyForDeploymentPostprocessing = 0;
		};
		4DA9E2752E18E67F001F106D /* Resources */ = {
			isa = PBXResourcesBuildPhase;
			buildActionMask = 2147483647;
			files = (
			);
			runOnlyForDeploymentPostprocessing = 0;
		};
		4DA9E27F2E18E67F001F106D /* Resources */ = {
			isa = PBXResourcesBuildPhase;
			buildActionMask = 2147483647;
			files = (
			);
			runOnlyForDeploymentPostprocessing = 0;
		};
/* End PBXResourcesBuildPhase section */

/* Begin PBXSourcesBuildPhase section */
		4DA9E2612E18E67E001F106D /* Sources */ = {
			isa = PBXSourcesBuildPhase;
			buildActionMask = 2147483647;
			files = (
			);
			runOnlyForDeploymentPostprocessing = 0;
		};
		4DA9E2732E18E67F001F106D /* Sources */ = {
			isa = PBXSourcesBuildPhase;
			buildActionMask = 2147483647;
			files = (
			);
			runOnlyForDeploymentPostprocessing = 0;
		};
		4DA9E27D2E18E67F001F106D /* Sources */ = {
			isa = PBXSourcesBuildPhase;
			buildActionMask = 2147483647;
			files = (
			);
			runOnlyForDeploymentPostprocessing = 0;
		};
/* End PBXSourcesBuildPhase section */

/* Begin PBXTargetDependency section */
		4DA9E2792E18E67F001F106D /* PBXTargetDependency */ = {
			isa = PBXTargetDependency;
			target = 4DA9E2642E18E67E001F106D /* Doctor Schedule Calendar */;
			targetProxy = 4DA9E2782E18E67F001F106D /* PBXContainerItemProxy */;
		};
		4DA9E2832E18E67F001F106D /* PBXTargetDependency */ = {
			isa = PBXTargetDependency;
			target = 4DA9E2642E18E67E001F106D /* Doctor Schedule Calendar */;
			targetProxy = 4DA9E2822E18E67F001F106D /* PBXContainerItemProxy */;
		};
/* End PBXTargetDependency section */

/* Begin XCBuildConfiguration section */
		4DA9E2892E18E67F001F106D /* Debug */ = {
			isa = XCBuildConfiguration;
			buildSettings = {
				ALWAYS_SEARCH_USER_PATHS = NO;
				ASSETCATALOG_COMPILER_GENERATE_SWIFT_ASSET_SYMBOL_EXTENSIONS = YES;
				CLANG_ANALYZER_NONNULL = YES;
				CLANG_ANALYZER_NUMBER_OBJECT_CONVERSION = YES_AGGRESSIVE;
				CLANG_CXX_LANGUAGE_STANDARD = "gnu++20";
				CLANG_ENABLE_MODULES = YES;
				CLANG_ENABLE_OBJC_ARC = YES;
				CLANG_ENABLE_OBJC_WEAK = YES;
				CLANG_WARN_BLOCK_CAPTURE_AUTORELEASING = YES;
				CLANG_WARN_BOOL_CONVERSION = YES;
				CLANG_WARN_COMMA = YES;
				CLANG_WARN_CONSTANT_CONVERSION = YES;
				CLANG_WARN_DEPRECATED_OBJC_IMPLEMENTATIONS = YES;
				CLANG_WARN_DIRECT_OBJC_ISA_USAGE = YES_ERROR;
				CLANG_WARN_DOCUMENTATION_COMMENTS = YES;
				CLANG_WARN_EMPTY_BODY = YES;
				CLANG_WARN_ENUM_CONVERSION = YES;
				CLANG_WARN_INFINITE_RECURSION = YES;
				CLANG_WARN_INT_CONVERSION = YES;
				CLANG_WARN_NON_LITERAL_NULL_CONVERSION = YES;
				CLANG_WARN_OBJC_IMPLICIT_RETAIN_SELF = YES;
				CLANG_WARN_OBJC_LITERAL_CONVERSION = YES;
				CLANG_WARN_OBJC_ROOT_CLASS = YES_ERROR;
				CLANG_WARN_QUOTED_INCLUDE_IN_FRAMEWORK_HEADER = YES;
				CLANG_WARN_RANGE_LOOP_ANALYSIS = YES;
				CLANG_WARN_STRICT_PROTOTYPES = YES;
				CLANG_WARN_SUSPICIOUS_MOVE = YES;
				CLANG_WARN_UNGUARDED_AVAILABILITY = YES_AGGRESSIVE;
				CLANG_WARN_UNREACHABLE_CODE = YES;
				CLANG_WARN__DUPLICATE_METHOD_MATCH = YES;
				COPY_PHASE_STRIP = NO;
				DEBUG_INFORMATION_FORMAT = dwarf;
				DEVELOPMENT_TEAM = KSFQHNX4S8;
				ENABLE_STRICT_OBJC_MSGSEND = YES;
				ENABLE_TESTABILITY = YES;
				ENABLE_USER_SCRIPT_SANDBOXING = YES;
				GCC_C_LANGUAGE_STANDARD = gnu17;
				GCC_DYNAMIC_NO_PIC = NO;
				GCC_NO_COMMON_BLOCKS = YES;
				GCC_OPTIMIZATION_LEVEL = 0;
				GCC_PREPROCESSOR_DEFINITIONS = (
					"DEBUG=1",
					"$(inherited)",
				);
				GCC_WARN_64_TO_32_BIT_CONVERSION = YES;
				GCC_WARN_ABOUT_RETURN_TYPE = YES_ERROR;
				GCC_WARN_UNDECLARED_SELECTOR = YES;
				GCC_WARN_UNINITIALIZED_AUTOS = YES_AGGRESSIVE;
				GCC_WARN_UNUSED_FUNCTION = YES;
				GCC_WARN_UNUSED_VARIABLE = YES;
				IPHONEOS_DEPLOYMENT_TARGET = 18.5;
				LOCALIZATION_PREFERS_STRING_CATALOGS = YES;
				MTL_ENABLE_DEBUG_INFO = INCLUDE_SOURCE;
				MTL_FAST_MATH = YES;
				ONLY_ACTIVE_ARCH = YES;
				SDKROOT = iphoneos;
				SWIFT_ACTIVE_COMPILATION_CONDITIONS = "DEBUG $(inherited)";
				SWIFT_OPTIMIZATION_LEVEL = "-Onone";
			};
			name = Debug;
		};
		4DA9E28A2E18E67F001F106D /* Release */ = {
			isa = XCBuildConfiguration;
			buildSettings = {
				ALWAYS_SEARCH_USER_PATHS = NO;
				ASSETCATALOG_COMPILER_GENERATE_SWIFT_ASSET_SYMBOL_EXTENSIONS = YES;
				CLANG_ANALYZER_NONNULL = YES;
				CLANG_ANALYZER_NUMBER_OBJECT_CONVERSION = YES_AGGRESSIVE;
				CLANG_CXX_LANGUAGE_STANDARD = "gnu++20";
				CLANG_ENABLE_MODULES = YES;
				CLANG_ENABLE_OBJC_ARC = YES;
				CLANG_ENABLE_OBJC_WEAK = YES;
				CLANG_WARN_BLOCK_CAPTURE_AUTORELEASING = YES;
				CLANG_WARN_BOOL_CONVERSION = YES;
				CLANG_WARN_COMMA = YES;
				CLANG_WARN_CONSTANT_CONVERSION = YES;
				CLANG_WARN_DEPRECATED_OBJC_IMPLEMENTATIONS = YES;
				CLANG_WARN_DIRECT_OBJC_ISA_USAGE = YES_ERROR;
				CLANG_WARN_DOCUMENTATION_COMMENTS = YES;
				CLANG_WARN_EMPTY_BODY = YES;
				CLANG_WARN_ENUM_CONVERSION = YES;
				CLANG_WARN_INFINITE_RECURSION = YES;
				CLANG_WARN_INT_CONVERSION = YES;
				CLANG_WARN_NON_LITERAL_NULL_CONVERSION = YES;
				CLANG_WARN_OBJC_IMPLICIT_RETAIN_SELF = YES;
				CLANG_WARN_OBJC_LITERAL_CONVERSION = YES;
				CLANG_WARN_OBJC_ROOT_CLASS = YES_ERROR;
				CLANG_WARN_QUOTED_INCLUDE_IN_FRAMEWORK_HEADER = YES;
				CLANG_WARN_RANGE_LOOP_ANALYSIS = YES;
				CLANG_WARN_STRICT_PROTOTYPES = YES;
				CLANG_WARN_SUSPICIOUS_MOVE = YES;
				CLANG_WARN_UNGUARDED_AVAILABILITY = YES_AGGRESSIVE;
				CLANG_WARN_UNREACHABLE_CODE = YES;
				CLANG_WARN__DUPLICATE_METHOD_MATCH = YES;
				COPY_PHASE_STRIP = NO;
				DEBUG_INFORMATION_FORMAT = "dwarf-with-dsym";
				DEVELOPMENT_TEAM = KSFQHNX4S8;
				ENABLE_NS_ASSERTIONS = NO;
				ENABLE_STRICT_OBJC_MSGSEND = YES;
				ENABLE_USER_SCRIPT_SANDBOXING = YES;
				GCC_C_LANGUAGE_STANDARD = gnu17;
				GCC_NO_COMMON_BLOCKS = YES;
				GCC_WARN_64_TO_32_BIT_CONVERSION = YES;
				GCC_WARN_ABOUT_RETURN_TYPE = YES_ERROR;
				GCC_WARN_UNDECLARED_SELECTOR = YES;
				GCC_WARN_UNINITIALIZED_AUTOS = YES_AGGRESSIVE;
				GCC_WARN_UNUSED_FUNCTION = YES;
				GCC_WARN_UNUSED_VARIABLE = YES;
				IPHONEOS_DEPLOYMENT_TARGET = 18.5;
				LOCALIZATION_PREFERS_STRING_CATALOGS = YES;
				MTL_ENABLE_DEBUG_INFO = NO;
				MTL_FAST_MATH = YES;
				SDKROOT = iphoneos;
				SWIFT_COMPILATION_MODE = wholemodule;
				VALIDATE_PRODUCT = YES;
			};
			name = Release;
		};
		4DA9E28C2E18E67F001F106D /* Debug */ = {
			isa = XCBuildConfiguration;
			buildSettings = {
				ASSETCATALOG_COMPILER_APPICON_NAME = AppIcon;
				ASSETCATALOG_COMPILER_GLOBAL_ACCENT_COLOR_NAME = AccentColor;
				CODE_SIGN_ENTITLEMENTS = "Doctor Schedule Calendar/Doctor Schedule Calendar.entitlements";
				CODE_SIGN_IDENTITY = "Apple Development";
				CODE_SIGN_STYLE = Automatic;
				CURRENT_PROJECT_VERSION = 0;
				DEVELOPMENT_TEAM = KSFQHNX4S8;
				ENABLE_PREVIEWS = YES;
				GENERATE_INFOPLIST_FILE = YES;
				INFOPLIST_FILE = "Doctor-Schedule-Calendar-Info.plist";
				INFOPLIST_KEY_CFBundleDisplayName = "Provider Schedule";
				INFOPLIST_KEY_LSApplicationCategoryType = "public.app-category.medical";
				INFOPLIST_KEY_UIApplicationSceneManifest_Generation = YES;
				INFOPLIST_KEY_UIApplicationSupportsIndirectInputEvents = YES;
				INFOPLIST_KEY_UILaunchScreen_Generation = YES;
				INFOPLIST_KEY_UISupportedInterfaceOrientations_iPad = "UIInterfaceOrientationPortrait UIInterfaceOrientationPortraitUpsideDown UIInterfaceOrientationLandscapeLeft UIInterfaceOrientationLandscapeRight";
				INFOPLIST_KEY_UISupportedInterfaceOrientations_iPhone = "UIInterfaceOrientationPortrait UIInterfaceOrientationLandscapeLeft UIInterfaceOrientationLandscapeRight";
				LD_RUNPATH_SEARCH_PATHS = (
					"$(inherited)",
					"@executable_path/Frameworks",
				);
				MARKETING_VERSION = 1.6;
				PRODUCT_BUNDLE_IDENTIFIER = com.gulfcoast.ProviderCalendar;
				PRODUCT_NAME = "$(TARGET_NAME)";
				PROVISIONING_PROFILE_SPECIFIER = "";
				SUPPORTED_PLATFORMS = "iphoneos iphonesimulator";
				SUPPORTS_MACCATALYST = NO;
				SUPPORTS_MAC_DESIGNED_FOR_IPHONE_IPAD = NO;
				SUPPORTS_XR_DESIGNED_FOR_IPHONE_IPAD = NO;
				SWIFT_EMIT_LOC_STRINGS = YES;
				SWIFT_VERSION = 5.0;
				TARGETED_DEVICE_FAMILY = "1,2";
			};
			name = Debug;
		};
		4DA9E28D2E18E67F001F106D /* Release */ = {
			isa = XCBuildConfiguration;
			buildSettings = {
				ASSETCATALOG_COMPILER_APPICON_NAME = AppIcon;
				ASSETCATALOG_COMPILER_GLOBAL_ACCENT_COLOR_NAME = AccentColor;
				CODE_SIGN_ENTITLEMENTS = "Doctor Schedule Calendar/Doctor Schedule Calendar.entitlements";
				CODE_SIGN_IDENTITY = "Apple Development";
				CODE_SIGN_STYLE = Automatic;
				CURRENT_PROJECT_VERSION = 0;
				DEVELOPMENT_TEAM = KSFQHNX4S8;
				ENABLE_PREVIEWS = YES;
				GENERATE_INFOPLIST_FILE = YES;
				INFOPLIST_FILE = "Doctor-Schedule-Calendar-Info.plist";
				INFOPLIST_KEY_CFBundleDisplayName = "Provider Schedule";
				INFOPLIST_KEY_LSApplicationCategoryType = "public.app-category.medical";
				INFOPLIST_KEY_UIApplicationSceneManifest_Generation = YES;
				INFOPLIST_KEY_UIApplicationSupportsIndirectInputEvents = YES;
				INFOPLIST_KEY_UILaunchScreen_Generation = YES;
				INFOPLIST_KEY_UISupportedInterfaceOrientations_iPad = "UIInterfaceOrientationPortrait UIInterfaceOrientationPortraitUpsideDown UIInterfaceOrientationLandscapeLeft UIInterfaceOrientationLandscapeRight";
				INFOPLIST_KEY_UISupportedInterfaceOrientations_iPhone = "UIInterfaceOrientationPortrait UIInterfaceOrientationLandscapeLeft UIInterfaceOrientationLandscapeRight";
				LD_RUNPATH_SEARCH_PATHS = (
					"$(inherited)",
					"@executable_path/Frameworks",
				);
				MARKETING_VERSION = 1.6;
				PRODUCT_BUNDLE_IDENTIFIER = com.gulfcoast.ProviderCalendar;
				PRODUCT_NAME = "$(TARGET_NAME)";
				PROVISIONING_PROFILE_SPECIFIER = "";
				SUPPORTED_PLATFORMS = "iphoneos iphonesimulator";
				SUPPORTS_MACCATALYST = NO;
				SUPPORTS_MAC_DESIGNED_FOR_IPHONE_IPAD = NO;
				SUPPORTS_XR_DESIGNED_FOR_IPHONE_IPAD = NO;
				SWIFT_EMIT_LOC_STRINGS = YES;
				SWIFT_VERSION = 5.0;
				TARGETED_DEVICE_FAMILY = "1,2";
			};
			name = Release;
		};
		4DA9E28F2E18E67F001F106D /* Debug */ = {
			isa = XCBuildConfiguration;
			buildSettings = {
				BUNDLE_LOADER = "$(TEST_HOST)";
				CODE_SIGN_STYLE = Automatic;
				CURRENT_PROJECT_VERSION = 1;
				DEVELOPMENT_TEAM = KSFQHNX4S8;
				GENERATE_INFOPLIST_FILE = YES;
				IPHONEOS_DEPLOYMENT_TARGET = 18.5;
				MARKETING_VERSION = 1.0;
				PRODUCT_BUNDLE_IDENTIFIER = com.gulfcoast.ProviderCalendar.Tests;
				PRODUCT_NAME = "$(TARGET_NAME)";
				SWIFT_EMIT_LOC_STRINGS = NO;
				SWIFT_VERSION = 5.0;
				TARGETED_DEVICE_FAMILY = "1,2";
				TEST_HOST = "$(BUILT_PRODUCTS_DIR)/Doctor Schedule Calendar.app/$(BUNDLE_EXECUTABLE_FOLDER_PATH)/Doctor Schedule Calendar";
			};
			name = Debug;
		};
		4DA9E2902E18E67F001F106D /* Release */ = {
			isa = XCBuildConfiguration;
			buildSettings = {
				BUNDLE_LOADER = "$(TEST_HOST)";
				CODE_SIGN_STYLE = Automatic;
				CURRENT_PROJECT_VERSION = 1;
				DEVELOPMENT_TEAM = KSFQHNX4S8;
				GENERATE_INFOPLIST_FILE = YES;
				IPHONEOS_DEPLOYMENT_TARGET = 18.5;
				MARKETING_VERSION = 1.0;
				PRODUCT_BUNDLE_IDENTIFIER = com.gulfcoast.ProviderCalendar.Tests;
				PRODUCT_NAME = "$(TARGET_NAME)";
				SWIFT_EMIT_LOC_STRINGS = NO;
				SWIFT_VERSION = 5.0;
				TARGETED_DEVICE_FAMILY = "1,2";
				TEST_HOST = "$(BUILT_PRODUCTS_DIR)/Doctor Schedule Calendar.app/$(BUNDLE_EXECUTABLE_FOLDER_PATH)/Doctor Schedule Calendar";
			};
			name = Release;
		};
		4DA9E2922E18E67F001F106D /* Debug */ = {
			isa = XCBuildConfiguration;
			buildSettings = {
				CODE_SIGN_STYLE = Automatic;
				CURRENT_PROJECT_VERSION = 1;
				DEVELOPMENT_TEAM = KSFQHNX4S8;
				GENERATE_INFOPLIST_FILE = YES;
				MARKETING_VERSION = 1.0;
				PRODUCT_BUNDLE_IDENTIFIER = "com.gulfcoast.ProviderCalendar-CalendarUITests";
				PRODUCT_NAME = "$(TARGET_NAME)";
				SWIFT_EMIT_LOC_STRINGS = NO;
				SWIFT_VERSION = 5.0;
				TARGETED_DEVICE_FAMILY = "1,2";
				TEST_TARGET_NAME = "Doctor Schedule Calendar";
			};
			name = Debug;
		};
		4DA9E2932E18E67F001F106D /* Release */ = {
			isa = XCBuildConfiguration;
			buildSettings = {
				CODE_SIGN_STYLE = Automatic;
				CURRENT_PROJECT_VERSION = 1;
				DEVELOPMENT_TEAM = KSFQHNX4S8;
				GENERATE_INFOPLIST_FILE = YES;
				MARKETING_VERSION = 1.0;
				PRODUCT_BUNDLE_IDENTIFIER = "com.gulfcoast.ProviderCalendar-CalendarUITests";
				PRODUCT_NAME = "$(TARGET_NAME)";
				SWIFT_EMIT_LOC_STRINGS = NO;
				SWIFT_VERSION = 5.0;
				TARGETED_DEVICE_FAMILY = "1,2";
				TEST_TARGET_NAME = "Doctor Schedule Calendar";
			};
			name = Release;
		};
/* End XCBuildConfiguration section */

/* Begin XCConfigurationList section */
		4DA9E2602E18E67E001F106D /* Build configuration list for PBXProject "Doctor Schedule Calendar" */ = {
			isa = XCConfigurationList;
			buildConfigurations = (
				4DA9E2892E18E67F001F106D /* Debug */,
				4DA9E28A2E18E67F001F106D /* Release */,
			);
			defaultConfigurationIsVisible = 0;
			defaultConfigurationName = Release;
		};
		4DA9E28B2E18E67F001F106D /* Build configuration list for PBXNativeTarget "Doctor Schedule Calendar" */ = {
			isa = XCConfigurationList;
			buildConfigurations = (
				4DA9E28C2E18E67F001F106D /* Debug */,
				4DA9E28D2E18E67F001F106D /* Release */,
			);
			defaultConfigurationIsVisible = 0;
			defaultConfigurationName = Release;
		};
		4DA9E28E2E18E67F001F106D /* Build configuration list for PBXNativeTarget "Doctor Schedule CalendarTests" */ = {
			isa = XCConfigurationList;
			buildConfigurations = (
				4DA9E28F2E18E67F001F106D /* Debug */,
				4DA9E2902E18E67F001F106D /* Release */,
			);
			defaultConfigurationIsVisible = 0;
			defaultConfigurationName = Release;
		};
		4DA9E2912E18E67F001F106D /* Build configuration list for PBXNativeTarget "Doctor Schedule CalendarUITests" */ = {
			isa = XCConfigurationList;
			buildConfigurations = (
				4DA9E2922E18E67F001F106D /* Debug */,
				4DA9E2932E18E67F001F106D /* Release */,
			);
			defaultConfigurationIsVisible = 0;
			defaultConfigurationName = Release;
		};
/* End XCConfigurationList section */
	};
	rootObject = 4DA9E25D2E18E67E001F106D /* Project object */;
}
